
Microsoft Visual Studio Solution File, Format Version 12.00
# Visual Studio Version 16
VisualStudioVersion = 16.0.30907.101
MinimumVisualStudioVersion = 10.0.40219.1
Project("{FAE04EC0-301F-11D3-BF4B-00C04F79EFBC}") = "ConfluenceRecruitmentTest", "ConfluenceRecruitmentTest\ConfluenceRecruitmentTest.csproj", "{14F8DB4E-3EEA-4751-9FA4-B4F15A9FEC42}"
EndProject
Project("{FAE04EC0-301F-11D3-BF4B-00C04F79EFBC}") = "ConfluenceRecruitmentTest.Tests", "ConfluenceRecruitmentTest.Tests\ConfluenceRecruitmentTest.Tests.csproj", "{ECA0B78C-D2BF-444E-B336-748F55786BFE}"
EndProject
Global
	GlobalSection(SolutionConfigurationPlatforms) = preSolution
		Debug|Any CPU = Debug|Any CPU
		Release|Any CPU = Release|Any CPU
	EndGlobalSection
	GlobalSection(ProjectConfigurationPlatforms) = postSolution
		{14F8DB4E-3EEA-4751-9FA4-B4F15A9FEC42}.Debug|Any CPU.ActiveCfg = Debug|Any CPU
		{14F8DB4E-3EEA-4751-9FA4-B4F15A9FEC42}.Debug|Any CPU.Build.0 = Debug|Any CPU
		{14F8DB4E-3EEA-4751-9FA4-B4F15A9FEC42}.Release|Any CPU.ActiveCfg = Release|Any CPU
		{14F8DB4E-3EEA-4751-9FA4-B4F15A9FEC42}.Release|Any CPU.Build.0 = Release|Any CPU
		{ECA0B78C-D2BF-444E-B336-748F55786BFE}.Debug|Any CPU.ActiveCfg = Debug|Any CPU
		{ECA0B78C-D2BF-444E-B336-748F55786BFE}.Debug|Any CPU.Build.0 = Debug|Any CPU
		{ECA0B78C-D2BF-444E-B336-748F55786BFE}.Release|Any CPU.ActiveCfg = Release|Any CPU
		{ECA0B78C-D2BF-444E-B336-748F55786BFE}.Release|Any CPU.Build.0 = Release|Any CPU
	EndGlobalSection
	GlobalSection(SolutionProperties) = preSolution
		HideSolutionNode = FALSE
	EndGlobalSection
	GlobalSection(ExtensibilityGlobals) = postSolution
		SolutionGuid = {EB512735-CE0E-42C2-A262-CB917A435DC6}
	EndGlobalSection
EndGlobal
